
Microsoft Visual Studio Solution File, Format Version 12.00
# Visual Studio 14
VisualStudioVersion = 14.0.24720.0
MinimumVisualStudioVersion = 10.0.40219.1
Project("{FAE04EC0-301F-11D3-BF4B-00C04F79EFBC}") = "TestShot", "TestShot\TestShot.csproj", "{F553EDF7-33ED-40DF-8DAC-D16452E6F755}"
EndProject
Global
	GlobalSection(SolutionConfigurationPlatforms) = preSolution
		Debug|Any CPU = Debug|Any CPU
		Release|Any CPU = Release|Any CPU
	EndGlobalSection
	GlobalSection(ProjectConfigurationPlatforms) = postSolution
		{F553EDF7-33ED-40DF-8DAC-D16452E6F755}.Debug|Any CPU.ActiveCfg = Debug|Any CPU
		{F553EDF7-33ED-40DF-8DAC-D16452E6F755}.Debug|Any CPU.Build.0 = Debug|Any CPU
		{F553EDF7-33ED-40DF-8DAC-D16452E6F755}.Release|Any CPU.ActiveCfg = Release|Any CPU
		{F553EDF7-33ED-40DF-8DAC-D16452E6F755}.Release|Any CPU.Build.0 = Release|Any CPU
	EndGlobalSection
	GlobalSection(SolutionProperties) = preSolution
		HideSolutionNode = FALSE
	EndGlobalSection
EndGlobal
